{
    "_readme": [
        "This file locks the dependencies of your project to a known state",
        "Read more about it at http://getcomposer.org/doc/01-basic-usage.md#composer-lock-the-lock-file",
        "This file is @generated automatically"
    ],
    "hash": "01157af253f02f097f0b16f063ffd471",
    "packages": [
        {
            "name": "apache/log4php",
            "version": "2.3.0",
            "source": {
                "type": "git",
                "url": "https://git-wip-us.apache.org/repos/asf/logging-log4php.git",
                "reference": "8c6df2481cd68d0d211d38f700406c5f0a9de0c2"
            },
            "require": {
                "php": ">=5.2.7"
            },
            "type": "library",
            "autoload": {
                "classmap": [
                    "src/main/php/"
                ]
            },
            "notification-url": "https://packagist.org/downloads/",
            "license": [
                "Apache-2.0"
            ],
            "description": "A versatile logging framework for PHP",
            "homepage": "http://logging.apache.org/log4php/",
            "keywords": [
                "log",
                "logging",
                "php"
            ],
            "time": "2012-10-26 09:13:25"
        },
        {
            "name": "mkrmr/emphloyer",
            "version": "v0.4.1",
            "source": {
                "type": "git",
                "url": "https://github.com/mkremer/emphloyer.git",
                "reference": "288020cdaca22751dad69dfa83f0dc67a89ed761"
            },
            "dist": {
                "type": "zip",
                "url": "https://api.github.com/repos/mkremer/emphloyer/zipball/288020cdaca22751dad69dfa83f0dc67a89ed761",
                "reference": "288020cdaca22751dad69dfa83f0dc67a89ed761",
                "shasum": ""
            },
            "require": {
                "ext-pcntl": "*",
                "ext-posix": "*",
                "php": ">=5.3.0"
            },
            "require-dev": {
                "phpunit/phpunit": "3.7.*"
            },
            "bin": [
                "bin/emphloyer"
            ],
            "type": "library",
            "autoload": {
                "psr-0": {
                    "Emphloyer\\": "library"
                }
            },
            "notification-url": "https://packagist.org/downloads/",
            "license": [
                "MIT"
            ],
            "authors": [
                {
                    "name": "Mark Kremer",
                    "email": "mark@5ec.nl"
                }
            ],
            "description": "Job processing with pluggable backends made easy",
            "time": "2014-09-28 14:14:14"
        },
        {
            "name": "mkrmr/emphloyer-pdo",
            "version": "v0.4.1",
            "source": {
                "type": "git",
                "url": "https://github.com/mkremer/emphloyer-pdo.git",
                "reference": "5aabb4bfefb898358c302c0cc594f25dc40d2273"
            },
            "dist": {
                "type": "zip",
                "url": "https://api.github.com/repos/mkremer/emphloyer-pdo/zipball/5aabb4bfefb898358c302c0cc594f25dc40d2273",
                "reference": "5aabb4bfefb898358c302c0cc594f25dc40d2273",
                "shasum": ""
            },
            "require": {
                "lib-uuid": "1.0.*",
                "mkrmr/emphloyer": "0.4.*"
            },
            "require-dev": {
                "ext-pdo_mysql": "*",
                "phpunit/phpunit": "3.7.*"
            },
            "type": "library",
            "autoload": {
                "psr-0": {
                    "Emphloyer\\Pdo\\": "library"
                }
            },
            "notification-url": "https://packagist.org/downloads/",
            "license": [
                "MIT"
            ],
            "authors": [
                {
                    "name": "Mark Kremer",
                    "email": "mark@5ec.nl"
                }
            ],
            "description": "PDO backend for Emphloyer",
            "time": "2014-09-28 13:57:28"
        }
    ],
    "packages-dev": [

    ],
    "aliases": [

    ],
    "minimum-stability": "stable",
    "stability-flags": [

    ],
    "prefer-stable": false,
    "platform": {
        "lib-uuid": "1.0.*"
    },
    "platform-dev": [

    ]
}
